Microsoft Visual Studio Solution File, Format Version 12.00
# Visual Studio Version 17
VisualStudioVersion = 17.13.35931.197
MinimumVisualStudioVersion = 10.0.40219.1
Project("{FAE04EC0-301F-11D3-BF4B-00C04F79EFBC}") = "PRACPROJECT", "PRACPROJECT.csproj", "{D2D3AB36-0174-478E-8DDC-51AF8D0CED93}"
EndProject
Global
	GlobalSection(SolutionConfigurationPlatforms) = preSolution
		Debug|Any CPU = Debug|Any CPU
		Release|Any CPU = Release|Any CPU
	EndGlobalSection
	GlobalSection(ProjectConfigurationPlatforms) = postSolution
		{D2D3AB36-0174-478E-8DDC-51AF8D0CED93}.Debug|Any CPU.ActiveCfg = Debug|Any CPU
		{D2D3AB36-0174-478E-8DDC-51AF8D0CED93}.Debug|Any CPU.Build.0 = Debug|Any CPU
		{D2D3AB36-0174-478E-8DDC-51AF8D0CED93}.Release|Any CPU.ActiveCfg = Release|Any CPU
		{D2D3AB36-0174-478E-8DDC-51AF8D0CED93}.Release|Any CPU.Build.0 = Release|Any CPU
	EndGlobalSection
	GlobalSection(SolutionProperties) = preSolution
		HideSolutionNode = FALSE
	EndGlobalSection
	GlobalSection(ExtensibilityGlobals) = postSolution
		SolutionGuid = {B39FD824-2A3B-49D7-83AA-8B0520D02384}
	EndGlobalSection
EndGlobal
